
Microsoft Visual Studio Solution File, Format Version 12.00
# Visual Studio Version 17
VisualStudioVersion = 17.6.33829.357
MinimumVisualStudioVersion = 10.0.40219.1
Project("{FAE04EC0-301F-11D3-BF4B-00C04F79EFBC}") = "BookCompiler", ".\BookCompiler\BookCompiler.csproj", "{2711E818-B06F-4C67-8DA2-D68B23FA0D41}"
EndProject
Project("{FAE04EC0-301F-11D3-BF4B-00C04F79EFBC}") = "CoverGenerator", ".\CoverGenerator\CoverGenerator.csproj", "{694D0BBF-55B7-451C-BABE-31099BB34CB6}"
EndProject
Project("{FAE04EC0-301F-11D3-BF4B-00C04F79EFBC}") = "Tools", ".\Tools\Tools.csproj", "{572017CC-9333-46C5-9178-D0C15B266C17}"
EndProject
Global
	GlobalSection(SolutionConfigurationPlatforms) = preSolution
		Debug|Any CPU = Debug|Any CPU
		Release|Any CPU = Release|Any CPU
	EndGlobalSection
	GlobalSection(ProjectConfigurationPlatforms) = postSolution
		{2711E818-B06F-4C67-8DA2-D68B23FA0D41}.Debug|Any CPU.ActiveCfg = Debug|Any CPU
		{2711E818-B06F-4C67-8DA2-D68B23FA0D41}.Debug|Any CPU.Build.0 = Debug|Any CPU
		{2711E818-B06F-4C67-8DA2-D68B23FA0D41}.Release|Any CPU.ActiveCfg = Release|Any CPU
		{2711E818-B06F-4C67-8DA2-D68B23FA0D41}.Release|Any CPU.Build.0 = Release|Any CPU
		{694D0BBF-55B7-451C-BABE-31099BB34CB6}.Debug|Any CPU.ActiveCfg = Debug|Any CPU
		{694D0BBF-55B7-451C-BABE-31099BB34CB6}.Debug|Any CPU.Build.0 = Debug|Any CPU
		{694D0BBF-55B7-451C-BABE-31099BB34CB6}.Release|Any CPU.ActiveCfg = Release|Any CPU
		{694D0BBF-55B7-451C-BABE-31099BB34CB6}.Release|Any CPU.Build.0 = Release|Any CPU
		{572017CC-9333-46C5-9178-D0C15B266C17}.Debug|Any CPU.ActiveCfg = Debug|Any CPU
		{572017CC-9333-46C5-9178-D0C15B266C17}.Debug|Any CPU.Build.0 = Debug|Any CPU
		{572017CC-9333-46C5-9178-D0C15B266C17}.Release|Any CPU.ActiveCfg = Release|Any CPU
		{572017CC-9333-46C5-9178-D0C15B266C17}.Release|Any CPU.Build.0 = Release|Any CPU
	EndGlobalSection
	GlobalSection(SolutionProperties) = preSolution
		HideSolutionNode = FALSE
	EndGlobalSection
	GlobalSection(ExtensibilityGlobals) = postSolution
		SolutionGuid = {EF82CBC2-5B0A-4D81-A96D-76139A6158C4}
	EndGlobalSection
EndGlobal
